github.com/halushko/kino-cat-core-go v0.0.0-20241014165750-3e9a38ec7901/go.mod h1:5nB9PMvPVXZBzd/bYtVNebhcL7W2VwU3Z6BI92reHuU=
github.com/halushko/kino-cat-core-go v0.0.0-20241016202705-f27e93d253ef h1:F6CW/LNEd08Py/WXiD4NE6+B8/M+4LzekXiZs01YaHk=
github.com/halushko/kino-cat-core-go v0.0.0-20241016202705-f27e93d253ef/go.mod h1:5nB9PMvPVXZBzd/bYtVNebhcL7W2VwU3Z6BI92reHuU=
